
Microsoft Visual Studio Solution File, Format Version 12.00
# Visual Studio Version 17
VisualStudioVersion = 17.12.35521.163
MinimumVisualStudioVersion = 10.0.40219.1
Project("{2150E333-8FDC-42A3-9474-1A3956D46DE8}") = "Basic", "Basic", "{3380EF94-10AE-4048-BCFD-FA2A9277D01B}"
EndProject
Project("{2150E333-8FDC-42A3-9474-1A3956D46DE8}") = "OOP", "OOP", "{D944E63C-0820-46C7-BC17-6EA68989AE50}"
EndProject
Project("{FAE04EC0-301F-11D3-BF4B-00C04F79EFBC}") = "SmprBasicCSharpTraining.Intro", "Basic\SmprBasicCSharpTraining.Intro\SmprBasicCSharpTraining.Intro.csproj", "{EE576B7A-B933-46EC-B034-3F63DC41AFEB}"
EndProject
Project("{2150E333-8FDC-42A3-9474-1A3956D46DE8}") = "NumericDataTypes", "NumericDataTypes", "{70251C42-0142-4EA2-944E-82B2EF6749CC}"
EndProject
Project("{FAE04EC0-301F-11D3-BF4B-00C04F79EFBC}") = "SmprBasicCSharpTraining.byte", "Basic\NumericDataTypes\SmprBasicCSharpTraining.byte\SmprBasicCSharpTraining.byte.csproj", "{BE68A014-35D9-403A-BFD9-2215F560A42E}"
EndProject
Project("{FAE04EC0-301F-11D3-BF4B-00C04F79EFBC}") = "SmprBasicCSharpTraining.sbyte", "Basic\NumericDataTypes\SmprBasicCSharpTraining.sbyte\SmprBasicCSharpTraining.sbyte.csproj", "{8F7A1E6B-2013-4349-AF2C-E8D0250C4364}"
EndProject
Project("{FAE04EC0-301F-11D3-BF4B-00C04F79EFBC}") = "SmprBasicCSharpTraining.Short", "Basic\NumericDataTypes\SmprBasicCSharpTraining.Short\SmprBasicCSharpTraining.Short.csproj", "{D1808F4B-DD05-44D7-B0C8-DAD177244FB9}"
EndProject
Project("{FAE04EC0-301F-11D3-BF4B-00C04F79EFBC}") = "SmprBasicCSharpTraining.ushort", "Basic\NumericDataTypes\SmprBasicCSharpTraining.ushort\SmprBasicCSharpTraining.ushort.csproj", "{28CFAD83-A859-4C22-90FE-2D38743BDE7D}"
EndProject
Project("{FAE04EC0-301F-11D3-BF4B-00C04F79EFBC}") = "SmprBasicCSharpTraining.int", "Basic\NumericDataTypes\SmprBasicCSharpTraining.int\SmprBasicCSharpTraining.int.csproj", "{5E05EA8C-CCC7-4757-A4BC-14658771B9C4}"
EndProject
Project("{FAE04EC0-301F-11D3-BF4B-00C04F79EFBC}") = "SmprBasicCSharpTraining.uint", "Basic\NumericDataTypes\SmprBasicCSharpTraining.uint\SmprBasicCSharpTraining.uint.csproj", "{A67B2C48-78CB-43F4-9A4B-71048263AA8A}"
EndProject
Project("{FAE04EC0-301F-11D3-BF4B-00C04F79EFBC}") = "SmprBasicCSharpTraining.long", "Basic\NumericDataTypes\SmprBasicCSharpTraining.long\SmprBasicCSharpTraining.long.csproj", "{E1D9C034-C15A-4A9B-ABA8-1C29743BBC93}"
EndProject
Project("{FAE04EC0-301F-11D3-BF4B-00C04F79EFBC}") = "SmprBasicCSharpTraining.float", "Basic\NumericDataTypes\SmprBasicCSharpTraining.float\SmprBasicCSharpTraining.float.csproj", "{59686999-1B74-4F92-AB97-A0E3515A1BF6}"
EndProject
Project("{FAE04EC0-301F-11D3-BF4B-00C04F79EFBC}") = "SmprBasicCSharpTraining.double", "Basic\NumericDataTypes\SmprBasicCSharpTraining.double\SmprBasicCSharpTraining.double.csproj", "{F59686D1-0EA2-4C0A-9A86-901B4D1EDEF3}"
EndProject
Project("{FAE04EC0-301F-11D3-BF4B-00C04F79EFBC}") = "BasicCSharpTraining.KullanicidanDegerAlma", "Basic\BasicCSharpTraining.KullanicidanDegerAlma\BasicCSharpTraining.KullanicidanDegerAlma.csproj", "{D455D5C6-920D-4687-AD32-69C37913FB0B}"
EndProject
Project("{2150E333-8FDC-42A3-9474-1A3956D46DE8}") = "Charackter&TextType", "Charackter&TextType", "{FB27ABB6-FCD1-4D2D-A6E9-846803DB8BA0}"
EndProject
Project("{FAE04EC0-301F-11D3-BF4B-00C04F79EFBC}") = "string", "Basic\Charackter&TextType\string\string.csproj", "{8ED1138E-2C71-4B4D-ABCD-B3D007D94DCB}"
EndProject
Project("{FAE04EC0-301F-11D3-BF4B-00C04F79EFBC}") = "SmprBasicCSharpTraining.char", "Basic\Charackter&TextType\SmprBasicCSharpTraining.char\SmprBasicCSharpTraining.char.csproj", "{A5810B4E-8652-4A5F-A7A7-4331B8E1BBBD}"
EndProject
Project("{2150E333-8FDC-42A3-9474-1A3956D46DE8}") = "Operators", "Operators", "{766B18C7-5504-4BE9-B9BE-0B0858A0B186}"
EndProject
Project("{FAE04EC0-301F-11D3-BF4B-00C04F79EFBC}") = "aritmatiksel_operatorler", "Basic\Operators\aritmatiksel_operatorler\aritmatiksel_operatorler.csproj", "{3A1B2ACA-D773-4D19-9709-4F6FA851240E}"
EndProject
Project("{FAE04EC0-301F-11D3-BF4B-00C04F79EFBC}") = "karsilastirmali_op", "Basic\Operators\karsilastirmali_op\karsilastirmali_op.csproj", "{2FCFB89D-7DB3-4CEB-AFA5-38936A8A941E}"
EndProject
Project("{FAE04EC0-301F-11D3-BF4B-00C04F79EFBC}") = "mantiksal_op", "Basic\Operators\mantiksal_op\mantiksal_op.csproj", "{A31561B2-5AD9-4820-A078-9B5E7EEC961E}"
EndProject
Project("{2150E333-8FDC-42A3-9474-1A3956D46DE8}") = "KararYapilari(Decision Structures)", "KararYapilari(Decision Structures)", "{02EA681E-C7D8-13C7-8484-4AC65E1B71E8}"
EndProject
Project("{FAE04EC0-301F-11D3-BF4B-00C04F79EFBC}") = "AtamaOps.", "Basic\Operators\AtamaOps\AtamaOps..csproj", "{69C35533-2079-49E9-BA14-718DA3819EEE}"
EndProject
Project("{FAE04EC0-301F-11D3-BF4B-00C04F79EFBC}") = "if-else", "Basic\KararYapilari(Decision Structures)\if-else\if-else.csproj", "{6FE7997E-5BAB-41FB-BD85-2CEA989161A0}"
EndProject
Project("{FAE04EC0-301F-11D3-BF4B-00C04F79EFBC}") = "else-if", "Basic\KararYapilari(Decision Structures)\else-if\else-if.csproj", "{40F3C3C6-5EA7-4CA2-9018-E0BB3F5DB8F5}"
EndProject
Project("{FAE04EC0-301F-11D3-BF4B-00C04F79EFBC}") = "Switch-Case", "Basic\KararYapilari(Decision Structures)\Switch-Case\Switch-Case.csproj", "{6967EDB7-F121-4198-9DA8-772177EFEB28}"
EndProject
Project("{2150E333-8FDC-42A3-9474-1A3956D46DE8}") = "loops", "loops", "{1A872029-79AF-47B2-9D90-AD4C751CEFED}"
EndProject
Project("{FAE04EC0-301F-11D3-BF4B-00C04F79EFBC}") = "For_Loop", "Basic\loops\For_Loop\For_Loop.csproj", "{FCF95D3C-8993-4EC0-9870-A7D88B3A3CC9}"
EndProject
Project("{FAE04EC0-301F-11D3-BF4B-00C04F79EFBC}") = "While_Loop", "Basic\loops\While_Loop\While_Loop.csproj", "{FEAD6DA3-4BE1-4118-B87D-E7E0C11C4D8F}"
EndProject
Project("{2150E333-8FDC-42A3-9474-1A3956D46DE8}") = "Diziler_ForEach", "Diziler_ForEach", "{A9C13B4C-0A97-4062-AC92-38EF270D8DC9}"
EndProject
Project("{FAE04EC0-301F-11D3-BF4B-00C04F79EFBC}") = "Array_ForEach", "Basic\loops\Diziler_ForEach\Array_ForEach\Array_ForEach.csproj", "{7C8F4210-F9AF-4B8E-9825-32A716249447}"
EndProject
Project("{FAE04EC0-301F-11D3-BF4B-00C04F79EFBC}") = "Do-while", "Basic\loops\Do-while\Do-while.csproj", "{9C3DF4BB-75D0-46AC-93E8-F7A6A2B88A90}"
EndProject
Project("{2150E333-8FDC-42A3-9474-1A3956D46DE8}") = "Uygulamalar", "Uygulamalar", "{4EB33250-5E03-4DEB-8C15-BFE4F6434252}"
EndProject
Project("{FAE04EC0-301F-11D3-BF4B-00C04F79EFBC}") = "StudentManagementApp", "Basic\Uygulamalar\StudentManagementApp\StudentManagementApp.csproj", "{757A30BA-9645-4021-9DFA-A94A7362F27B}"
EndProject
Project("{FAE04EC0-301F-11D3-BF4B-00C04F79EFBC}") = "StudentAppToJson", "Basic\Uygulamalar\StudentAppToJson\StudentAppToJson.csproj", "{49C936CA-FD74-466F-BC8D-DD352286D8A5}"
EndProject
Project("{FAE04EC0-301F-11D3-BF4B-00C04F79EFBC}") = "CRM", "Basic\Uygulamalar\CRM\CRM.csproj", "{A6B8F993-EF2D-4265-988B-7E24D2A63E16}"
EndProject
Project("{2150E333-8FDC-42A3-9474-1A3956D46DE8}") = "Methods", "Methods", "{60F520E0-3F72-40E9-8FF4-8D363ADCF23F}"
EndProject
Project("{FAE04EC0-301F-11D3-BF4B-00C04F79EFBC}") = "ogrenciApp", "OOP\Methods\ogrenciApp\ogrenciApp.csproj", "{B99956BD-B788-4BD5-A19B-C66142E920E8}"
EndProject
Project("{2150E333-8FDC-42A3-9474-1A3956D46DE8}") = "Class", "Class", "{46104753-CE66-49BF-8512-B6C3F8934D83}"
EndProject
Project("{FAE04EC0-301F-11D3-BF4B-00C04F79EFBC}") = "AccessModifiers", "OOP\Class\AccessModifiers\AccessModifiers.csproj", "{F0AB8C8C-0332-4074-8CF7-A60650A252DB}"
EndProject
Project("{FAE04EC0-301F-11D3-BF4B-00C04F79EFBC}") = "ClassMembers", "OOP\Class\ClassMembers\ClassMembers.csproj", "{47DCBBAD-7ED5-499B-A3DD-DCA75BCD4536}"
EndProject
Project("{2150E333-8FDC-42A3-9474-1A3956D46DE8}") = "OgrenciApp", "OgrenciApp", "{D2407A5B-70FE-44C5-A40F-AADC5C6D673A}"
EndProject
Project("{2150E333-8FDC-42A3-9474-1A3956D46DE8}") = "Concrete", "Concrete", "{1A6D423A-1D32-4761-9F1F-70F7CF649A7B}"
EndProject
Project("{2150E333-8FDC-42A3-9474-1A3956D46DE8}") = "Abstract", "Abstract", "{F3788734-0A96-4703-9372-3FC7BCE35785}"
EndProject
Project("{FAE04EC0-301F-11D3-BF4B-00C04F79EFBC}") = "OgrenciApp", "OOP\Class\OgrenciApp\OgrenciApp\OgrenciApp.csproj", "{47E4D8E3-65AF-46FC-A2A9-C2469D8754FF}"
EndProject
Project("{2150E333-8FDC-42A3-9474-1A3956D46DE8}") = "Uygulamalar", "Uygulamalar", "{CADBBDA8-845A-410F-9D4F-10ECFDD05CF9}"
EndProject
Project("{FAE04EC0-301F-11D3-BF4B-00C04F79EFBC}") = "ClassMembers", "OOP\Uygulamalar\ClassMembers\ClassMembers.csproj", "{B2EEB4FB-74DC-4CE8-877C-429CF0781C14}"
EndProject
Project("{2150E333-8FDC-42A3-9474-1A3956D46DE8}") = "Technology", "Technology", "{4A2C0A3B-7480-4294-AFD5-50A62623571E}"
EndProject
Project("{FAE04EC0-301F-11D3-BF4B-00C04F79EFBC}") = "Technology.App", "OOP\Uygulamalar\Technology\ConsoleApp1\Technology.App.csproj", "{EEC0604A-79FB-4AF8-B3C1-A6CBC688BF78}"
EndProject
Project("{FAE04EC0-301F-11D3-BF4B-00C04F79EFBC}") = "Technology.Entities", "OOP\Uygulamalar\Technology\Technology.Entities\Technology.Entities.csproj", "{FE7D8D63-D0F6-4B8C-BDB9-8B6CB4849677}"
EndProject
Global
	GlobalSection(SolutionConfigurationPlatforms) = preSolution
		Debug|Any CPU = Debug|Any CPU
		Release|Any CPU = Release|Any CPU
	EndGlobalSection
	GlobalSection(ProjectConfigurationPlatforms) = postSolution
		{EE576B7A-B933-46EC-B034-3F63DC41AFEB}.Debug|Any CPU.ActiveCfg = Debug|Any CPU
		{EE576B7A-B933-46EC-B034-3F63DC41AFEB}.Debug|Any CPU.Build.0 = Debug|Any CPU
		{EE576B7A-B933-46EC-B034-3F63DC41AFEB}.Release|Any CPU.ActiveCfg = Release|Any CPU
		{EE576B7A-B933-46EC-B034-3F63DC41AFEB}.Release|Any CPU.Build.0 = Release|Any CPU
		{BE68A014-35D9-403A-BFD9-2215F560A42E}.Debug|Any CPU.ActiveCfg = Debug|Any CPU
		{BE68A014-35D9-403A-BFD9-2215F560A42E}.Debug|Any CPU.Build.0 = Debug|Any CPU
		{BE68A014-35D9-403A-BFD9-2215F560A42E}.Release|Any CPU.ActiveCfg = Release|Any CPU
		{BE68A014-35D9-403A-BFD9-2215F560A42E}.Release|Any CPU.Build.0 = Release|Any CPU
		{8F7A1E6B-2013-4349-AF2C-E8D0250C4364}.Debug|Any CPU.ActiveCfg = Debug|Any CPU
		{8F7A1E6B-2013-4349-AF2C-E8D0250C4364}.Debug|Any CPU.Build.0 = Debug|Any CPU
		{8F7A1E6B-2013-4349-AF2C-E8D0250C4364}.Release|Any CPU.ActiveCfg = Release|Any CPU
		{8F7A1E6B-2013-4349-AF2C-E8D0250C4364}.Release|Any CPU.Build.0 = Release|Any CPU
		{D1808F4B-DD05-44D7-B0C8-DAD177244FB9}.Debug|Any CPU.ActiveCfg = Debug|Any CPU
		{D1808F4B-DD05-44D7-B0C8-DAD177244FB9}.Debug|Any CPU.Build.0 = Debug|Any CPU
		{D1808F4B-DD05-44D7-B0C8-DAD177244FB9}.Release|Any CPU.ActiveCfg = Release|Any CPU
		{D1808F4B-DD05-44D7-B0C8-DAD177244FB9}.Release|Any CPU.Build.0 = Release|Any CPU
		{28CFAD83-A859-4C22-90FE-2D38743BDE7D}.Debug|Any CPU.ActiveCfg = Debug|Any CPU
		{28CFAD83-A859-4C22-90FE-2D38743BDE7D}.Debug|Any CPU.Build.0 = Debug|Any CPU
		{28CFAD83-A859-4C22-90FE-2D38743BDE7D}.Release|Any CPU.ActiveCfg = Release|Any CPU
		{28CFAD83-A859-4C22-90FE-2D38743BDE7D}.Release|Any CPU.Build.0 = Release|Any CPU
		{5E05EA8C-CCC7-4757-A4BC-14658771B9C4}.Debug|Any CPU.ActiveCfg = Debug|Any CPU
		{5E05EA8C-CCC7-4757-A4BC-14658771B9C4}.Debug|Any CPU.Build.0 = Debug|Any CPU
		{5E05EA8C-CCC7-4757-A4BC-14658771B9C4}.Release|Any CPU.ActiveCfg = Release|Any CPU
		{5E05EA8C-CCC7-4757-A4BC-14658771B9C4}.Release|Any CPU.Build.0 = Release|Any CPU
		{A67B2C48-78CB-43F4-9A4B-71048263AA8A}.Debug|Any CPU.ActiveCfg = Debug|Any CPU
		{A67B2C48-78CB-43F4-9A4B-71048263AA8A}.Debug|Any CPU.Build.0 = Debug|Any CPU
		{A67B2C48-78CB-43F4-9A4B-71048263AA8A}.Release|Any CPU.ActiveCfg = Release|Any CPU
		{A67B2C48-78CB-43F4-9A4B-71048263AA8A}.Release|Any CPU.Build.0 = Release|Any CPU
		{E1D9C034-C15A-4A9B-ABA8-1C29743BBC93}.Debug|Any CPU.ActiveCfg = Debug|Any CPU
		{E1D9C034-C15A-4A9B-ABA8-1C29743BBC93}.Debug|Any CPU.Build.0 = Debug|Any CPU
		{E1D9C034-C15A-4A9B-ABA8-1C29743BBC93}.Release|Any CPU.ActiveCfg = Release|Any CPU
		{E1D9C034-C15A-4A9B-ABA8-1C29743BBC93}.Release|Any CPU.Build.0 = Release|Any CPU
		{59686999-1B74-4F92-AB97-A0E3515A1BF6}.Debug|Any CPU.ActiveCfg = Debug|Any CPU
		{59686999-1B74-4F92-AB97-A0E3515A1BF6}.Debug|Any CPU.Build.0 = Debug|Any CPU
		{59686999-1B74-4F92-AB97-A0E3515A1BF6}.Release|Any CPU.ActiveCfg = Release|Any CPU
		{59686999-1B74-4F92-AB97-A0E3515A1BF6}.Release|Any CPU.Build.0 = Release|Any CPU
		{F59686D1-0EA2-4C0A-9A86-901B4D1EDEF3}.Debug|Any CPU.ActiveCfg = Debug|Any CPU
		{F59686D1-0EA2-4C0A-9A86-901B4D1EDEF3}.Debug|Any CPU.Build.0 = Debug|Any CPU
		{F59686D1-0EA2-4C0A-9A86-901B4D1EDEF3}.Release|Any CPU.ActiveCfg = Release|Any CPU
		{F59686D1-0EA2-4C0A-9A86-901B4D1EDEF3}.Release|Any CPU.Build.0 = Release|Any CPU
		{D455D5C6-920D-4687-AD32-69C37913FB0B}.Debug|Any CPU.ActiveCfg = Debug|Any CPU
		{D455D5C6-920D-4687-AD32-69C37913FB0B}.Debug|Any CPU.Build.0 = Debug|Any CPU
		{D455D5C6-920D-4687-AD32-69C37913FB0B}.Release|Any CPU.ActiveCfg = Release|Any CPU
		{D455D5C6-920D-4687-AD32-69C37913FB0B}.Release|Any CPU.Build.0 = Release|Any CPU
		{8ED1138E-2C71-4B4D-ABCD-B3D007D94DCB}.Debug|Any CPU.ActiveCfg = Debug|Any CPU
		{8ED1138E-2C71-4B4D-ABCD-B3D007D94DCB}.Debug|Any CPU.Build.0 = Debug|Any CPU
		{8ED1138E-2C71-4B4D-ABCD-B3D007D94DCB}.Release|Any CPU.ActiveCfg = Release|Any CPU
		{8ED1138E-2C71-4B4D-ABCD-B3D007D94DCB}.Release|Any CPU.Build.0 = Release|Any CPU
		{A5810B4E-8652-4A5F-A7A7-4331B8E1BBBD}.Debug|Any CPU.ActiveCfg = Debug|Any CPU
		{A5810B4E-8652-4A5F-A7A7-4331B8E1BBBD}.Debug|Any CPU.Build.0 = Debug|Any CPU
		{A5810B4E-8652-4A5F-A7A7-4331B8E1BBBD}.Release|Any CPU.ActiveCfg = Release|Any CPU
		{A5810B4E-8652-4A5F-A7A7-4331B8E1BBBD}.Release|Any CPU.Build.0 = Release|Any CPU
		{3A1B2ACA-D773-4D19-9709-4F6FA851240E}.Debug|Any CPU.ActiveCfg = Debug|Any CPU
		{3A1B2ACA-D773-4D19-9709-4F6FA851240E}.Debug|Any CPU.Build.0 = Debug|Any CPU
		{3A1B2ACA-D773-4D19-9709-4F6FA851240E}.Release|Any CPU.ActiveCfg = Release|Any CPU
		{3A1B2ACA-D773-4D19-9709-4F6FA851240E}.Release|Any CPU.Build.0 = Release|Any CPU
		{2FCFB89D-7DB3-4CEB-AFA5-38936A8A941E}.Debug|Any CPU.ActiveCfg = Debug|Any CPU
		{2FCFB89D-7DB3-4CEB-AFA5-38936A8A941E}.Debug|Any CPU.Build.0 = Debug|Any CPU
		{2FCFB89D-7DB3-4CEB-AFA5-38936A8A941E}.Release|Any CPU.ActiveCfg = Release|Any CPU
		{2FCFB89D-7DB3-4CEB-AFA5-38936A8A941E}.Release|Any CPU.Build.0 = Release|Any CPU
		{A31561B2-5AD9-4820-A078-9B5E7EEC961E}.Debug|Any CPU.ActiveCfg = Debug|Any CPU
		{A31561B2-5AD9-4820-A078-9B5E7EEC961E}.Debug|Any CPU.Build.0 = Debug|Any CPU
		{A31561B2-5AD9-4820-A078-9B5E7EEC961E}.Release|Any CPU.ActiveCfg = Release|Any CPU
		{A31561B2-5AD9-4820-A078-9B5E7EEC961E}.Release|Any CPU.Build.0 = Release|Any CPU
		{69C35533-2079-49E9-BA14-718DA3819EEE}.Debug|Any CPU.ActiveCfg = Debug|Any CPU
		{69C35533-2079-49E9-BA14-718DA3819EEE}.Debug|Any CPU.Build.0 = Debug|Any CPU
		{69C35533-2079-49E9-BA14-718DA3819EEE}.Release|Any CPU.ActiveCfg = Release|Any CPU
		{69C35533-2079-49E9-BA14-718DA3819EEE}.Release|Any CPU.Build.0 = Release|Any CPU
		{6FE7997E-5BAB-41FB-BD85-2CEA989161A0}.Debug|Any CPU.ActiveCfg = Debug|Any CPU
		{6FE7997E-5BAB-41FB-BD85-2CEA989161A0}.Debug|Any CPU.Build.0 = Debug|Any CPU
		{6FE7997E-5BAB-41FB-BD85-2CEA989161A0}.Release|Any CPU.ActiveCfg = Release|Any CPU
		{6FE7997E-5BAB-41FB-BD85-2CEA989161A0}.Release|Any CPU.Build.0 = Release|Any CPU
		{40F3C3C6-5EA7-4CA2-9018-E0BB3F5DB8F5}.Debug|Any CPU.ActiveCfg = Debug|Any CPU
		{40F3C3C6-5EA7-4CA2-9018-E0BB3F5DB8F5}.Debug|Any CPU.Build.0 = Debug|Any CPU
		{40F3C3C6-5EA7-4CA2-9018-E0BB3F5DB8F5}.Release|Any CPU.ActiveCfg = Release|Any CPU
		{40F3C3C6-5EA7-4CA2-9018-E0BB3F5DB8F5}.Release|Any CPU.Build.0 = Release|Any CPU
		{6967EDB7-F121-4198-9DA8-772177EFEB28}.Debug|Any CPU.ActiveCfg = Debug|Any CPU
		{6967EDB7-F121-4198-9DA8-772177EFEB28}.Debug|Any CPU.Build.0 = Debug|Any CPU
		{6967EDB7-F121-4198-9DA8-772177EFEB28}.Release|Any CPU.ActiveCfg = Release|Any CPU
		{6967EDB7-F121-4198-9DA8-772177EFEB28}.Release|Any CPU.Build.0 = Release|Any CPU
		{FCF95D3C-8993-4EC0-9870-A7D88B3A3CC9}.Debug|Any CPU.ActiveCfg = Debug|Any CPU
		{FCF95D3C-8993-4EC0-9870-A7D88B3A3CC9}.Debug|Any CPU.Build.0 = Debug|Any CPU
		{FCF95D3C-8993-4EC0-9870-A7D88B3A3CC9}.Release|Any CPU.ActiveCfg = Release|Any CPU
		{FCF95D3C-8993-4EC0-9870-A7D88B3A3CC9}.Release|Any CPU.Build.0 = Release|Any CPU
		{FEAD6DA3-4BE1-4118-B87D-E7E0C11C4D8F}.Debug|Any CPU.ActiveCfg = Debug|Any CPU
		{FEAD6DA3-4BE1-4118-B87D-E7E0C11C4D8F}.Debug|Any CPU.Build.0 = Debug|Any CPU
		{FEAD6DA3-4BE1-4118-B87D-E7E0C11C4D8F}.Release|Any CPU.ActiveCfg = Release|Any CPU
		{FEAD6DA3-4BE1-4118-B87D-E7E0C11C4D8F}.Release|Any CPU.Build.0 = Release|Any CPU
		{7C8F4210-F9AF-4B8E-9825-32A716249447}.Debug|Any CPU.ActiveCfg = Debug|Any CPU
		{7C8F4210-F9AF-4B8E-9825-32A716249447}.Debug|Any CPU.Build.0 = Debug|Any CPU
		{7C8F4210-F9AF-4B8E-9825-32A716249447}.Release|Any CPU.ActiveCfg = Release|Any CPU
		{7C8F4210-F9AF-4B8E-9825-32A716249447}.Release|Any CPU.Build.0 = Release|Any CPU
		{9C3DF4BB-75D0-46AC-93E8-F7A6A2B88A90}.Debug|Any CPU.ActiveCfg = Debug|Any CPU
		{9C3DF4BB-75D0-46AC-93E8-F7A6A2B88A90}.Debug|Any CPU.Build.0 = Debug|Any CPU
		{9C3DF4BB-75D0-46AC-93E8-F7A6A2B88A90}.Release|Any CPU.ActiveCfg = Release|Any CPU
		{9C3DF4BB-75D0-46AC-93E8-F7A6A2B88A90}.Release|Any CPU.Build.0 = Release|Any CPU
		{757A30BA-9645-4021-9DFA-A94A7362F27B}.Debug|Any CPU.ActiveCfg = Debug|Any CPU
		{757A30BA-9645-4021-9DFA-A94A7362F27B}.Debug|Any CPU.Build.0 = Debug|Any CPU
		{757A30BA-9645-4021-9DFA-A94A7362F27B}.Release|Any CPU.ActiveCfg = Release|Any CPU
		{757A30BA-9645-4021-9DFA-A94A7362F27B}.Release|Any CPU.Build.0 = Release|Any CPU
		{49C936CA-FD74-466F-BC8D-DD352286D8A5}.Debug|Any CPU.ActiveCfg = Debug|Any CPU
		{49C936CA-FD74-466F-BC8D-DD352286D8A5}.Debug|Any CPU.Build.0 = Debug|Any CPU
		{49C936CA-FD74-466F-BC8D-DD352286D8A5}.Release|Any CPU.ActiveCfg = Release|Any CPU
		{49C936CA-FD74-466F-BC8D-DD352286D8A5}.Release|Any CPU.Build.0 = Release|Any CPU
		{A6B8F993-EF2D-4265-988B-7E24D2A63E16}.Debug|Any CPU.ActiveCfg = Debug|Any CPU
		{A6B8F993-EF2D-4265-988B-7E24D2A63E16}.Debug|Any CPU.Build.0 = Debug|Any CPU
		{A6B8F993-EF2D-4265-988B-7E24D2A63E16}.Release|Any CPU.ActiveCfg = Release|Any CPU
		{A6B8F993-EF2D-4265-988B-7E24D2A63E16}.Release|Any CPU.Build.0 = Release|Any CPU
		{B99956BD-B788-4BD5-A19B-C66142E920E8}.Debug|Any CPU.ActiveCfg = Debug|Any CPU
		{B99956BD-B788-4BD5-A19B-C66142E920E8}.Debug|Any CPU.Build.0 = Debug|Any CPU
		{B99956BD-B788-4BD5-A19B-C66142E920E8}.Release|Any CPU.ActiveCfg = Release|Any CPU
		{B99956BD-B788-4BD5-A19B-C66142E920E8}.Release|Any CPU.Build.0 = Release|Any CPU
		{F0AB8C8C-0332-4074-8CF7-A60650A252DB}.Debug|Any CPU.ActiveCfg = Debug|Any CPU
		{F0AB8C8C-0332-4074-8CF7-A60650A252DB}.Debug|Any CPU.Build.0 = Debug|Any CPU
		{F0AB8C8C-0332-4074-8CF7-A60650A252DB}.Release|Any CPU.ActiveCfg = Release|Any CPU
		{F0AB8C8C-0332-4074-8CF7-A60650A252DB}.Release|Any CPU.Build.0 = Release|Any CPU
		{47DCBBAD-7ED5-499B-A3DD-DCA75BCD4536}.Debug|Any CPU.ActiveCfg = Debug|Any CPU
		{47DCBBAD-7ED5-499B-A3DD-DCA75BCD4536}.Debug|Any CPU.Build.0 = Debug|Any CPU
		{47DCBBAD-7ED5-499B-A3DD-DCA75BCD4536}.Release|Any CPU.ActiveCfg = Release|Any CPU
		{47DCBBAD-7ED5-499B-A3DD-DCA75BCD4536}.Release|Any CPU.Build.0 = Release|Any CPU
		{47E4D8E3-65AF-46FC-A2A9-C2469D8754FF}.Debug|Any CPU.ActiveCfg = Debug|Any CPU
		{47E4D8E3-65AF-46FC-A2A9-C2469D8754FF}.Debug|Any CPU.Build.0 = Debug|Any CPU
		{47E4D8E3-65AF-46FC-A2A9-C2469D8754FF}.Release|Any CPU.ActiveCfg = Release|Any CPU
		{47E4D8E3-65AF-46FC-A2A9-C2469D8754FF}.Release|Any CPU.Build.0 = Release|Any CPU
		{B2EEB4FB-74DC-4CE8-877C-429CF0781C14}.Debug|Any CPU.ActiveCfg = Debug|Any CPU
		{B2EEB4FB-74DC-4CE8-877C-429CF0781C14}.Debug|Any CPU.Build.0 = Debug|Any CPU
		{B2EEB4FB-74DC-4CE8-877C-429CF0781C14}.Release|Any CPU.ActiveCfg = Release|Any CPU
		{B2EEB4FB-74DC-4CE8-877C-429CF0781C14}.Release|Any CPU.Build.0 = Release|Any CPU
		{EEC0604A-79FB-4AF8-B3C1-A6CBC688BF78}.Debug|Any CPU.ActiveCfg = Debug|Any CPU
		{EEC0604A-79FB-4AF8-B3C1-A6CBC688BF78}.Debug|Any CPU.Build.0 = Debug|Any CPU
		{EEC0604A-79FB-4AF8-B3C1-A6CBC688BF78}.Release|Any CPU.ActiveCfg = Release|Any CPU
		{EEC0604A-79FB-4AF8-B3C1-A6CBC688BF78}.Release|Any CPU.Build.0 = Release|Any CPU
		{FE7D8D63-D0F6-4B8C-BDB9-8B6CB4849677}.Debug|Any CPU.ActiveCfg = Debug|Any CPU
		{FE7D8D63-D0F6-4B8C-BDB9-8B6CB4849677}.Debug|Any CPU.Build.0 = Debug|Any CPU
		{FE7D8D63-D0F6-4B8C-BDB9-8B6CB4849677}.Release|Any CPU.ActiveCfg = Release|Any CPU
		{FE7D8D63-D0F6-4B8C-BDB9-8B6CB4849677}.Release|Any CPU.Build.0 = Release|Any CPU
	EndGlobalSection
	GlobalSection(SolutionProperties) = preSolution
		HideSolutionNode = FALSE
	EndGlobalSection
	GlobalSection(NestedProjects) = preSolution
		{EE576B7A-B933-46EC-B034-3F63DC41AFEB} = {3380EF94-10AE-4048-BCFD-FA2A9277D01B}
		{70251C42-0142-4EA2-944E-82B2EF6749CC} = {3380EF94-10AE-4048-BCFD-FA2A9277D01B}
		{BE68A014-35D9-403A-BFD9-2215F560A42E} = {70251C42-0142-4EA2-944E-82B2EF6749CC}
		{8F7A1E6B-2013-4349-AF2C-E8D0250C4364} = {70251C42-0142-4EA2-944E-82B2EF6749CC}
		{D1808F4B-DD05-44D7-B0C8-DAD177244FB9} = {70251C42-0142-4EA2-944E-82B2EF6749CC}
		{28CFAD83-A859-4C22-90FE-2D38743BDE7D} = {70251C42-0142-4EA2-944E-82B2EF6749CC}
		{5E05EA8C-CCC7-4757-A4BC-14658771B9C4} = {70251C42-0142-4EA2-944E-82B2EF6749CC}
		{A67B2C48-78CB-43F4-9A4B-71048263AA8A} = {70251C42-0142-4EA2-944E-82B2EF6749CC}
		{E1D9C034-C15A-4A9B-ABA8-1C29743BBC93} = {70251C42-0142-4EA2-944E-82B2EF6749CC}
		{59686999-1B74-4F92-AB97-A0E3515A1BF6} = {70251C42-0142-4EA2-944E-82B2EF6749CC}
		{F59686D1-0EA2-4C0A-9A86-901B4D1EDEF3} = {70251C42-0142-4EA2-944E-82B2EF6749CC}
		{D455D5C6-920D-4687-AD32-69C37913FB0B} = {3380EF94-10AE-4048-BCFD-FA2A9277D01B}
		{FB27ABB6-FCD1-4D2D-A6E9-846803DB8BA0} = {3380EF94-10AE-4048-BCFD-FA2A9277D01B}
		{8ED1138E-2C71-4B4D-ABCD-B3D007D94DCB} = {FB27ABB6-FCD1-4D2D-A6E9-846803DB8BA0}
		{A5810B4E-8652-4A5F-A7A7-4331B8E1BBBD} = {FB27ABB6-FCD1-4D2D-A6E9-846803DB8BA0}
		{766B18C7-5504-4BE9-B9BE-0B0858A0B186} = {3380EF94-10AE-4048-BCFD-FA2A9277D01B}
		{3A1B2ACA-D773-4D19-9709-4F6FA851240E} = {766B18C7-5504-4BE9-B9BE-0B0858A0B186}
		{2FCFB89D-7DB3-4CEB-AFA5-38936A8A941E} = {766B18C7-5504-4BE9-B9BE-0B0858A0B186}
		{A31561B2-5AD9-4820-A078-9B5E7EEC961E} = {766B18C7-5504-4BE9-B9BE-0B0858A0B186}
		{02EA681E-C7D8-13C7-8484-4AC65E1B71E8} = {3380EF94-10AE-4048-BCFD-FA2A9277D01B}
		{69C35533-2079-49E9-BA14-718DA3819EEE} = {766B18C7-5504-4BE9-B9BE-0B0858A0B186}
		{6FE7997E-5BAB-41FB-BD85-2CEA989161A0} = {02EA681E-C7D8-13C7-8484-4AC65E1B71E8}
		{40F3C3C6-5EA7-4CA2-9018-E0BB3F5DB8F5} = {02EA681E-C7D8-13C7-8484-4AC65E1B71E8}
		{6967EDB7-F121-4198-9DA8-772177EFEB28} = {02EA681E-C7D8-13C7-8484-4AC65E1B71E8}
		{1A872029-79AF-47B2-9D90-AD4C751CEFED} = {3380EF94-10AE-4048-BCFD-FA2A9277D01B}
		{FCF95D3C-8993-4EC0-9870-A7D88B3A3CC9} = {1A872029-79AF-47B2-9D90-AD4C751CEFED}
		{FEAD6DA3-4BE1-4118-B87D-E7E0C11C4D8F} = {1A872029-79AF-47B2-9D90-AD4C751CEFED}
		{A9C13B4C-0A97-4062-AC92-38EF270D8DC9} = {1A872029-79AF-47B2-9D90-AD4C751CEFED}
		{7C8F4210-F9AF-4B8E-9825-32A716249447} = {A9C13B4C-0A97-4062-AC92-38EF270D8DC9}
		{9C3DF4BB-75D0-46AC-93E8-F7A6A2B88A90} = {1A872029-79AF-47B2-9D90-AD4C751CEFED}
		{4EB33250-5E03-4DEB-8C15-BFE4F6434252} = {3380EF94-10AE-4048-BCFD-FA2A9277D01B}
		{757A30BA-9645-4021-9DFA-A94A7362F27B} = {4EB33250-5E03-4DEB-8C15-BFE4F6434252}
		{49C936CA-FD74-466F-BC8D-DD352286D8A5} = {4EB33250-5E03-4DEB-8C15-BFE4F6434252}
		{A6B8F993-EF2D-4265-988B-7E24D2A63E16} = {4EB33250-5E03-4DEB-8C15-BFE4F6434252}
		{60F520E0-3F72-40E9-8FF4-8D363ADCF23F} = {D944E63C-0820-46C7-BC17-6EA68989AE50}
		{B99956BD-B788-4BD5-A19B-C66142E920E8} = {60F520E0-3F72-40E9-8FF4-8D363ADCF23F}
		{46104753-CE66-49BF-8512-B6C3F8934D83} = {D944E63C-0820-46C7-BC17-6EA68989AE50}
		{F0AB8C8C-0332-4074-8CF7-A60650A252DB} = {46104753-CE66-49BF-8512-B6C3F8934D83}
		{47DCBBAD-7ED5-499B-A3DD-DCA75BCD4536} = {46104753-CE66-49BF-8512-B6C3F8934D83}
		{D2407A5B-70FE-44C5-A40F-AADC5C6D673A} = {46104753-CE66-49BF-8512-B6C3F8934D83}
		{1A6D423A-1D32-4761-9F1F-70F7CF649A7B} = {D2407A5B-70FE-44C5-A40F-AADC5C6D673A}
		{F3788734-0A96-4703-9372-3FC7BCE35785} = {D2407A5B-70FE-44C5-A40F-AADC5C6D673A}
		{47E4D8E3-65AF-46FC-A2A9-C2469D8754FF} = {D2407A5B-70FE-44C5-A40F-AADC5C6D673A}
		{CADBBDA8-845A-410F-9D4F-10ECFDD05CF9} = {D944E63C-0820-46C7-BC17-6EA68989AE50}
		{B2EEB4FB-74DC-4CE8-877C-429CF0781C14} = {CADBBDA8-845A-410F-9D4F-10ECFDD05CF9}
		{4A2C0A3B-7480-4294-AFD5-50A62623571E} = {CADBBDA8-845A-410F-9D4F-10ECFDD05CF9}
		{EEC0604A-79FB-4AF8-B3C1-A6CBC688BF78} = {4A2C0A3B-7480-4294-AFD5-50A62623571E}
		{FE7D8D63-D0F6-4B8C-BDB9-8B6CB4849677} = {4A2C0A3B-7480-4294-AFD5-50A62623571E}
	EndGlobalSection
	GlobalSection(ExtensibilityGlobals) = postSolution
		SolutionGuid = {1B647F57-3FF3-4ACB-9E7D-22971A2B58F9}
	EndGlobalSection
EndGlobal
